
Microsoft Visual Studio Solution File, Format Version 12.00
# Visual Studio Version 17
VisualStudioVersion = 17.0.31903.59
MinimumVisualStudioVersion = 10.0.40219.1
Project("{2150E333-8FDC-42A3-9474-1A3956D46DE8}") = "src", "src", "{827E0CD3-B72D-47B6-A68D-7590B98EB39B}"
EndProject
Project("{FAE04EC0-301F-11D3-BF4B-00C04F79EFBC}") = "Sunset.API", "src\Sunset.API\Sunset.API.csproj", "{BA74C1E6-742F-4794-893D-3C90634305D9}"
EndProject
Project("{FAE04EC0-301F-11D3-BF4B-00C04F79EFBC}") = "Sunset.Application", "src\Sunset.Application\Sunset.Application.csproj", "{3B2B923A-43AC-4F99-A713-66C0C24F2799}"
EndProject
Project("{FAE04EC0-301F-11D3-BF4B-00C04F79EFBC}") = "Sunset.Domain", "src\Sunset.Domain\Sunset.Domain.csproj", "{61E10FAD-0B2F-40AC-8FA0-8391DBC722B9}"
EndProject
Project("{FAE04EC0-301F-11D3-BF4B-00C04F79EFBC}") = "Sunset.Infrastructure", "src\Sunset.Infrastructure\Sunset.Infrastructure.csproj", "{37C4DA2E-EFC6-4675-8853-E036BC6BB29C}"
EndProject
Project("{FAE04EC0-301F-11D3-BF4B-00C04F79EFBC}") = "Sunset.UnitTests", "tests\Sunset.UnitTests\Sunset.UnitTests.csproj", "{7C3B3D34-DB02-47D2-88E9-481360ECDDC9}"
EndProject
Project("{FAE04EC0-301F-11D3-BF4B-00C04F79EFBC}") = "Sunset.IntegrationTests", "tests\Sunset.IntegrationTests\Sunset.IntegrationTests.csproj", "{D2B7937C-D58F-445E-AEB2-81505F0DA821}"
EndProject
Global
	GlobalSection(SolutionConfigurationPlatforms) = preSolution
		Debug|Any CPU = Debug|Any CPU
		Debug|x64 = Debug|x64
		Debug|x86 = Debug|x86
		Release|Any CPU = Release|Any CPU
		Release|x64 = Release|x64
		Release|x86 = Release|x86
	EndGlobalSection
	GlobalSection(ProjectConfigurationPlatforms) = postSolution
		{BA74C1E6-742F-4794-893D-3C90634305D9}.Debug|Any CPU.ActiveCfg = Debug|Any CPU
		{BA74C1E6-742F-4794-893D-3C90634305D9}.Debug|Any CPU.Build.0 = Debug|Any CPU
		{BA74C1E6-742F-4794-893D-3C90634305D9}.Debug|x64.ActiveCfg = Debug|Any CPU
		{BA74C1E6-742F-4794-893D-3C90634305D9}.Debug|x64.Build.0 = Debug|Any CPU
		{BA74C1E6-742F-4794-893D-3C90634305D9}.Debug|x86.ActiveCfg = Debug|Any CPU
		{BA74C1E6-742F-4794-893D-3C90634305D9}.Debug|x86.Build.0 = Debug|Any CPU
		{BA74C1E6-742F-4794-893D-3C90634305D9}.Release|Any CPU.ActiveCfg = Release|Any CPU
		{BA74C1E6-742F-4794-893D-3C90634305D9}.Release|Any CPU.Build.0 = Release|Any CPU
		{BA74C1E6-742F-4794-893D-3C90634305D9}.Release|x64.ActiveCfg = Release|Any CPU
		{BA74C1E6-742F-4794-893D-3C90634305D9}.Release|x64.Build.0 = Release|Any CPU
		{BA74C1E6-742F-4794-893D-3C90634305D9}.Release|x86.ActiveCfg = Release|Any CPU
		{BA74C1E6-742F-4794-893D-3C90634305D9}.Release|x86.Build.0 = Release|Any CPU
		{3B2B923A-43AC-4F99-A713-66C0C24F2799}.Debug|Any CPU.ActiveCfg = Debug|Any CPU
		{3B2B923A-43AC-4F99-A713-66C0C24F2799}.Debug|Any CPU.Build.0 = Debug|Any CPU
		{3B2B923A-43AC-4F99-A713-66C0C24F2799}.Debug|x64.ActiveCfg = Debug|Any CPU
		{3B2B923A-43AC-4F99-A713-66C0C24F2799}.Debug|x64.Build.0 = Debug|Any CPU
		{3B2B923A-43AC-4F99-A713-66C0C24F2799}.Debug|x86.ActiveCfg = Debug|Any CPU
		{3B2B923A-43AC-4F99-A713-66C0C24F2799}.Debug|x86.Build.0 = Debug|Any CPU
		{3B2B923A-43AC-4F99-A713-66C0C24F2799}.Release|Any CPU.ActiveCfg = Release|Any CPU
		{3B2B923A-43AC-4F99-A713-66C0C24F2799}.Release|Any CPU.Build.0 = Release|Any CPU
		{3B2B923A-43AC-4F99-A713-66C0C24F2799}.Release|x64.ActiveCfg = Release|Any CPU
		{3B2B923A-43AC-4F99-A713-66C0C24F2799}.Release|x64.Build.0 = Release|Any CPU
		{3B2B923A-43AC-4F99-A713-66C0C24F2799}.Release|x86.ActiveCfg = Release|Any CPU
		{3B2B923A-43AC-4F99-A713-66C0C24F2799}.Release|x86.Build.0 = Release|Any CPU
		{61E10FAD-0B2F-40AC-8FA0-8391DBC722B9}.Debug|Any CPU.ActiveCfg = Debug|Any CPU
		{61E10FAD-0B2F-40AC-8FA0-8391DBC722B9}.Debug|Any CPU.Build.0 = Debug|Any CPU
		{61E10FAD-0B2F-40AC-8FA0-8391DBC722B9}.Debug|x64.ActiveCfg = Debug|Any CPU
		{61E10FAD-0B2F-40AC-8FA0-8391DBC722B9}.Debug|x64.Build.0 = Debug|Any CPU
		{61E10FAD-0B2F-40AC-8FA0-8391DBC722B9}.Debug|x86.ActiveCfg = Debug|Any CPU
		{61E10FAD-0B2F-40AC-8FA0-8391DBC722B9}.Debug|x86.Build.0 = Debug|Any CPU
		{61E10FAD-0B2F-40AC-8FA0-8391DBC722B9}.Release|Any CPU.ActiveCfg = Release|Any CPU
		{61E10FAD-0B2F-40AC-8FA0-8391DBC722B9}.Release|Any CPU.Build.0 = Release|Any CPU
		{61E10FAD-0B2F-40AC-8FA0-8391DBC722B9}.Release|x64.ActiveCfg = Release|Any CPU
		{61E10FAD-0B2F-40AC-8FA0-8391DBC722B9}.Release|x64.Build.0 = Release|Any CPU
		{61E10FAD-0B2F-40AC-8FA0-8391DBC722B9}.Release|x86.ActiveCfg = Release|Any CPU
		{61E10FAD-0B2F-40AC-8FA0-8391DBC722B9}.Release|x86.Build.0 = Release|Any CPU
		{37C4DA2E-EFC6-4675-8853-E036BC6BB29C}.Debug|Any CPU.ActiveCfg = Debug|Any CPU
		{37C4DA2E-EFC6-4675-8853-E036BC6BB29C}.Debug|Any CPU.Build.0 = Debug|Any CPU
		{37C4DA2E-EFC6-4675-8853-E036BC6BB29C}.Debug|x64.ActiveCfg = Debug|Any CPU
		{37C4DA2E-EFC6-4675-8853-E036BC6BB29C}.Debug|x64.Build.0 = Debug|Any CPU
		{37C4DA2E-EFC6-4675-8853-E036BC6BB29C}.Debug|x86.ActiveCfg = Debug|Any CPU
		{37C4DA2E-EFC6-4675-8853-E036BC6BB29C}.Debug|x86.Build.0 = Debug|Any CPU
		{37C4DA2E-EFC6-4675-8853-E036BC6BB29C}.Release|Any CPU.ActiveCfg = Release|Any CPU
		{37C4DA2E-EFC6-4675-8853-E036BC6BB29C}.Release|Any CPU.Build.0 = Release|Any CPU
		{37C4DA2E-EFC6-4675-8853-E036BC6BB29C}.Release|x64.ActiveCfg = Release|Any CPU
		{37C4DA2E-EFC6-4675-8853-E036BC6BB29C}.Release|x64.Build.0 = Release|Any CPU
		{37C4DA2E-EFC6-4675-8853-E036BC6BB29C}.Release|x86.ActiveCfg = Release|Any CPU
		{37C4DA2E-EFC6-4675-8853-E036BC6BB29C}.Release|x86.Build.0 = Release|Any CPU
		{7C3B3D34-DB02-47D2-88E9-481360ECDDC9}.Debug|Any CPU.ActiveCfg = Debug|Any CPU
		{7C3B3D34-DB02-47D2-88E9-481360ECDDC9}.Debug|Any CPU.Build.0 = Debug|Any CPU
		{7C3B3D34-DB02-47D2-88E9-481360ECDDC9}.Debug|x64.ActiveCfg = Debug|Any CPU
		{7C3B3D34-DB02-47D2-88E9-481360ECDDC9}.Debug|x64.Build.0 = Debug|Any CPU
		{7C3B3D34-DB02-47D2-88E9-481360ECDDC9}.Debug|x86.ActiveCfg = Debug|Any CPU
		{7C3B3D34-DB02-47D2-88E9-481360ECDDC9}.Debug|x86.Build.0 = Debug|Any CPU
		{7C3B3D34-DB02-47D2-88E9-481360ECDDC9}.Release|Any CPU.ActiveCfg = Release|Any CPU
		{7C3B3D34-DB02-47D2-88E9-481360ECDDC9}.Release|Any CPU.Build.0 = Release|Any CPU
		{7C3B3D34-DB02-47D2-88E9-481360ECDDC9}.Release|x64.ActiveCfg = Release|Any CPU
		{7C3B3D34-DB02-47D2-88E9-481360ECDDC9}.Release|x64.Build.0 = Release|Any CPU
		{7C3B3D34-DB02-47D2-88E9-481360ECDDC9}.Release|x86.ActiveCfg = Release|Any CPU
		{7C3B3D34-DB02-47D2-88E9-481360ECDDC9}.Release|x86.Build.0 = Release|Any CPU
		{D2B7937C-D58F-445E-AEB2-81505F0DA821}.Debug|Any CPU.ActiveCfg = Debug|Any CPU
		{D2B7937C-D58F-445E-AEB2-81505F0DA821}.Debug|Any CPU.Build.0 = Debug|Any CPU
		{D2B7937C-D58F-445E-AEB2-81505F0DA821}.Debug|x64.ActiveCfg = Debug|Any CPU
		{D2B7937C-D58F-445E-AEB2-81505F0DA821}.Debug|x64.Build.0 = Debug|Any CPU
		{D2B7937C-D58F-445E-AEB2-81505F0DA821}.Debug|x86.ActiveCfg = Debug|Any CPU
		{D2B7937C-D58F-445E-AEB2-81505F0DA821}.Debug|x86.Build.0 = Debug|Any CPU
		{D2B7937C-D58F-445E-AEB2-81505F0DA821}.Release|Any CPU.ActiveCfg = Release|Any CPU
		{D2B7937C-D58F-445E-AEB2-81505F0DA821}.Release|Any CPU.Build.0 = Release|Any CPU
		{D2B7937C-D58F-445E-AEB2-81505F0DA821}.Release|x64.ActiveCfg = Release|Any CPU
		{D2B7937C-D58F-445E-AEB2-81505F0DA821}.Release|x64.Build.0 = Release|Any CPU
		{D2B7937C-D58F-445E-AEB2-81505F0DA821}.Release|x86.ActiveCfg = Release|Any CPU
		{D2B7937C-D58F-445E-AEB2-81505F0DA821}.Release|x86.Build.0 = Release|Any CPU
	EndGlobalSection
	GlobalSection(SolutionProperties) = preSolution
		HideSolutionNode = FALSE
	EndGlobalSection
	GlobalSection(NestedProjects) = preSolution
		{BA74C1E6-742F-4794-893D-3C90634305D9} = {827E0CD3-B72D-47B6-A68D-7590B98EB39B}
		{3B2B923A-43AC-4F99-A713-66C0C24F2799} = {827E0CD3-B72D-47B6-A68D-7590B98EB39B}
		{61E10FAD-0B2F-40AC-8FA0-8391DBC722B9} = {827E0CD3-B72D-47B6-A68D-7590B98EB39B}
		{37C4DA2E-EFC6-4675-8853-E036BC6BB29C} = {827E0CD3-B72D-47B6-A68D-7590B98EB39B}
		{7C3B3D34-DB02-47D2-88E9-481360ECDDC9} = {827E0CD3-B72D-47B6-A68D-7590B98EB39B}
		{D2B7937C-D58F-445E-AEB2-81505F0DA821} = {827E0CD3-B72D-47B6-A68D-7590B98EB39B}
	EndGlobalSection
EndGlobal
